
Microsoft Visual Studio Solution File, Format Version 12.00
# Visual Studio Version 17
VisualStudioVersion = 17.8.34316.72
MinimumVisualStudioVersion = 10.0.40219.1
Project("{F184B08F-C81C-45F6-A57F-5ABD9991F28F}") = "WebRequestTest", "WebRequestTest\WebRequestTest.vbproj", "{577B8F73-1BB5-49DB-A9E7-DF5FF2AD3149}"
EndProject
Project("{F184B08F-C81C-45F6-A57F-5ABD9991F28F}") = "JwtWebClient", "..\..\JwtWebClient\JwtWebClient\JwtWebClient.vbproj", "{23ACC71B-83A2-41DC-B30B-EF9CAD94DFD7}"
EndProject
Project("{F184B08F-C81C-45F6-A57F-5ABD9991F28F}") = "TestWebHandler", "..\..\TestWebHandler\TestWebHandler\TestWebHandler.vbproj", "{7AEE03FE-B652-4777-99F3-F536724A13F7}"
EndProject
Global
	GlobalSection(SolutionConfigurationPlatforms) = preSolution
		Debug|Any CPU = Debug|Any CPU
		Release|Any CPU = Release|Any CPU
	EndGlobalSection
	GlobalSection(ProjectConfigurationPlatforms) = postSolution
		{577B8F73-1BB5-49DB-A9E7-DF5FF2AD3149}.Debug|Any CPU.ActiveCfg = Debug|Any CPU
		{577B8F73-1BB5-49DB-A9E7-DF5FF2AD3149}.Debug|Any CPU.Build.0 = Debug|Any CPU
		{577B8F73-1BB5-49DB-A9E7-DF5FF2AD3149}.Release|Any CPU.ActiveCfg = Release|Any CPU
		{577B8F73-1BB5-49DB-A9E7-DF5FF2AD3149}.Release|Any CPU.Build.0 = Release|Any CPU
		{23ACC71B-83A2-41DC-B30B-EF9CAD94DFD7}.Debug|Any CPU.ActiveCfg = Debug|Any CPU
		{23ACC71B-83A2-41DC-B30B-EF9CAD94DFD7}.Debug|Any CPU.Build.0 = Debug|Any CPU
		{23ACC71B-83A2-41DC-B30B-EF9CAD94DFD7}.Release|Any CPU.ActiveCfg = Release|Any CPU
		{23ACC71B-83A2-41DC-B30B-EF9CAD94DFD7}.Release|Any CPU.Build.0 = Release|Any CPU
		{7AEE03FE-B652-4777-99F3-F536724A13F7}.Debug|Any CPU.ActiveCfg = Debug|Any CPU
		{7AEE03FE-B652-4777-99F3-F536724A13F7}.Debug|Any CPU.Build.0 = Debug|Any CPU
		{7AEE03FE-B652-4777-99F3-F536724A13F7}.Release|Any CPU.ActiveCfg = Release|Any CPU
		{7AEE03FE-B652-4777-99F3-F536724A13F7}.Release|Any CPU.Build.0 = Release|Any CPU
	EndGlobalSection
	GlobalSection(SolutionProperties) = preSolution
		HideSolutionNode = FALSE
	EndGlobalSection
	GlobalSection(ExtensibilityGlobals) = postSolution
		SolutionGuid = {B45A7DDB-9468-4BBC-84FD-B698670C5070}
	EndGlobalSection
EndGlobal
